
Microsoft Visual Studio Solution File, Format Version 12.00
# Visual Studio Version 16
VisualStudioVersion = 16.0.31624.102
MinimumVisualStudioVersion = 10.0.40219.1
Project("{FAE04EC0-301F-11D3-BF4B-00C04F79EFBC}") = "MiPrimerProyecto", "MiPrimerProyecto\MiPrimerProyecto.csproj", "{DC8AC22D-1BAB-4A68-8EEA-E88E7CB2F378}"
EndProject
Global
	GlobalSection(SolutionConfigurationPlatforms) = preSolution
		Debug|Any CPU = Debug|Any CPU
		Release|Any CPU = Release|Any CPU
	EndGlobalSection
	GlobalSection(ProjectConfigurationPlatforms) = postSolution
		{DC8AC22D-1BAB-4A68-8EEA-E88E7CB2F378}.Debug|Any CPU.ActiveCfg = Debug|Any CPU
		{DC8AC22D-1BAB-4A68-8EEA-E88E7CB2F378}.Debug|Any CPU.Build.0 = Debug|Any CPU
		{DC8AC22D-1BAB-4A68-8EEA-E88E7CB2F378}.Release|Any CPU.ActiveCfg = Release|Any CPU
		{DC8AC22D-1BAB-4A68-8EEA-E88E7CB2F378}.Release|Any CPU.Build.0 = Release|Any CPU
	EndGlobalSection
	GlobalSection(SolutionProperties) = preSolution
		HideSolutionNode = FALSE
	EndGlobalSection
	GlobalSection(ExtensibilityGlobals) = postSolution
		SolutionGuid = {C9B29B75-81ED-46AB-83AC-5657AADE8A47}
	EndGlobalSection
EndGlobal
